%{"botan": {:git, "https://github.com/ssuprunenko/exBotan.git", "a6abab24717329b279f8646e4be463b5d99e3a37", [branch: "update-deps"]},
  "bunt": {:hex, :bunt, "0.1.5"},
  "certifi": {:hex, :certifi, "0.4.0"},
  "connection": {:hex, :connection, "1.0.2"},
  "credo": {:hex, :credo, "0.3.13"},
  "db_connection": {:hex, :db_connection, "0.2.5"},
  "decimal": {:hex, :decimal, "1.1.2"},
  "dogma": {:hex, :dogma, "0.1.4"},
  "ecto": {:hex, :ecto, "2.0.0-rc.4"},
  "floki": {:hex, :floki, "0.8.0"},
  "hackney": {:hex, :hackney, "1.6.0"},
  "httpoison": {:hex, :httpoison, "0.8.3"},
  "idna": {:hex, :idna, "1.2.0"},
  "linguist": {:hex, :linguist, "0.1.5"},
  "metrics": {:hex, :metrics, "1.0.1"},
  "mimerl": {:hex, :mimerl, "1.0.2"},
  "mochiweb_html": {:hex, :mochiweb_html, "2.13.0"},
  "nadia": {:git, "https://github.com/zhyu/nadia.git", "f91ed3f33451ce8c1842245ea26a9c72caa84c12", []},
  "poison": {:hex, :poison, "2.1.0"},
  "poolboy": {:hex, :poolboy, "1.5.1"},
  "postgrex": {:hex, :postgrex, "0.11.1"},
  "russian": {:hex, :russian, "0.1.0"},
  "ssl_verify_fun": {:hex, :ssl_verify_fun, "1.1.0"},
  "ssl_verify_hostname": {:hex, :ssl_verify_hostname, "1.0.5"},
  "sweet_xml": {:hex, :sweet_xml, "0.6.1"}}
